
Microsoft Visual Studio Solution File, Format Version 12.00
# Visual Studio Version 16
VisualStudioVersion = 16.0.29920.165
MinimumVisualStudioVersion = 10.0.40219.1
Project("{9A19103F-16F7-4668-BE54-9A1E7A4F7556}") = "IO.Swagger", "src\IO.Swagger\IO.Swagger.csproj", "{EFE979CE-C29B-456B-AD42-4BFDE134A0AD}"
EndProject
Global
	GlobalSection(SolutionConfigurationPlatforms) = preSolution
		Debug|Any CPU = Debug|Any CPU
		Release|Any CPU = Release|Any CPU
	EndGlobalSection
	GlobalSection(ProjectConfigurationPlatforms) = postSolution
		{EFE979CE-C29B-456B-AD42-4BFDE134A0AD}.Debug|Any CPU.ActiveCfg = Debug|Any CPU
		{EFE979CE-C29B-456B-AD42-4BFDE134A0AD}.Debug|Any CPU.Build.0 = Debug|Any CPU
		{EFE979CE-C29B-456B-AD42-4BFDE134A0AD}.Release|Any CPU.ActiveCfg = Release|Any CPU
		{EFE979CE-C29B-456B-AD42-4BFDE134A0AD}.Release|Any CPU.Build.0 = Release|Any CPU
	EndGlobalSection
	GlobalSection(SolutionProperties) = preSolution
		HideSolutionNode = FALSE
	EndGlobalSection
	GlobalSection(ExtensibilityGlobals) = postSolution
		SolutionGuid = {227F9EDA-16E0-4AFF-ACE3-8076924EE23C}
	EndGlobalSection
EndGlobal
