
Microsoft Visual Studio Solution File, Format Version 12.00
# Visual Studio Version 16
VisualStudioVersion = 16.0.29920.165
MinimumVisualStudioVersion = 10.0.40219.1
Project("{9A19103F-16F7-4668-BE54-9A1E7A4F7556}") = "XUnitTestFvcWS", "XUnitTestFvcWS\XUnitTestFvcWS.csproj", "{C9AD0269-A48D-42D0-845E-AEF962A72415}"
EndProject
Project("{D954291E-2A0B-460D-934E-DC6B0785DB48}") = "AppFVCShared", "AppFVCShared\AppFVCShared.shproj", "{19208CE8-FD9A-46E2-B737-88DD857B4010}"
EndProject
Global
	GlobalSection(SharedMSBuildProjectFiles) = preSolution
		AppFVCShared\AppFVCShared.projitems*{19208ce8-fd9a-46e2-b737-88dd857b4010}*SharedItemsImports = 13
		AppFVCShared\AppFVCShared.projitems*{c9ad0269-a48d-42d0-845e-aef962a72415}*SharedItemsImports = 5
	EndGlobalSection
	GlobalSection(SolutionConfigurationPlatforms) = preSolution
		Debug|Any CPU = Debug|Any CPU
		Release|Any CPU = Release|Any CPU
	EndGlobalSection
	GlobalSection(ProjectConfigurationPlatforms) = postSolution
		{C9AD0269-A48D-42D0-845E-AEF962A72415}.Debug|Any CPU.ActiveCfg = Debug|Any CPU
		{C9AD0269-A48D-42D0-845E-AEF962A72415}.Debug|Any CPU.Build.0 = Debug|Any CPU
		{C9AD0269-A48D-42D0-845E-AEF962A72415}.Release|Any CPU.ActiveCfg = Release|Any CPU
		{C9AD0269-A48D-42D0-845E-AEF962A72415}.Release|Any CPU.Build.0 = Release|Any CPU
	EndGlobalSection
	GlobalSection(SolutionProperties) = preSolution
		HideSolutionNode = FALSE
	EndGlobalSection
	GlobalSection(ExtensibilityGlobals) = postSolution
		SolutionGuid = {EFE59CC9-18E0-41B3-9D4A-8DA76634BA91}
	EndGlobalSection
EndGlobal
